
Microsoft Visual Studio Solution File, Format Version 12.00
# Visual Studio Version 16
VisualStudioVersion = 16.0.29926.136
MinimumVisualStudioVersion = 10.0.40219.1
Project("{FAE04EC0-301F-11D3-BF4B-00C04F79EFBC}") = "EntityFramework-exercicio", "EntityFramework-exercicio.csproj", "{81718EAE-5D33-4BED-99ED-000813B54DDB}"
EndProject
Global
	GlobalSection(SolutionConfigurationPlatforms) = preSolution
		Debug|Any CPU = Debug|Any CPU
		Release|Any CPU = Release|Any CPU
	EndGlobalSection
	GlobalSection(ProjectConfigurationPlatforms) = postSolution
		{81718EAE-5D33-4BED-99ED-000813B54DDB}.Debug|Any CPU.ActiveCfg = Debug|Any CPU
		{81718EAE-5D33-4BED-99ED-000813B54DDB}.Debug|Any CPU.Build.0 = Debug|Any CPU
		{81718EAE-5D33-4BED-99ED-000813B54DDB}.Release|Any CPU.ActiveCfg = Release|Any CPU
		{81718EAE-5D33-4BED-99ED-000813B54DDB}.Release|Any CPU.Build.0 = Release|Any CPU
	EndGlobalSection
	GlobalSection(SolutionProperties) = preSolution
		HideSolutionNode = FALSE
	EndGlobalSection
	GlobalSection(ExtensibilityGlobals) = postSolution
		SolutionGuid = {20DD60BF-7977-4AAA-ACF2-5C0A27831852}
	EndGlobalSection
EndGlobal
